
Microsoft Visual Studio Solution File, Format Version 12.00
# Visual Studio 2013
VisualStudioVersion = 12.0.30501.0
MinimumVisualStudioVersion = 10.0.40219.1
Project("{FAE04EC0-301F-11D3-BF4B-00C04F79EFBC}") = "Rex.Utils", "ImmediateWindow\Rex.Utils.csproj", "{BEEA0CF2-CA78-476B-A555-B772925BAF8C}"
EndProject
Project("{FAE04EC0-301F-11D3-BF4B-00C04F79EFBC}") = "Rex.Utils.Test", "ImmediateWindowUtilsTest\Rex.Utils.Test.csproj", "{9A936838-9396-4146-A2A0-23387E29C923}"
EndProject
Project("{FAE04EC0-301F-11D3-BF4B-00C04F79EFBC}") = "Rex.Window", "ImmediateGUI\Rex.Window.csproj", "{7884F8DA-2099-4AD7-BB2B-176659FDA03C}"
EndProject
Global
	GlobalSection(TeamFoundationVersionControl) = preSolution
		SccNumberOfProjects = 4
		SccEnterpriseProvider = {4CA58AB2-18FA-4F8D-95D4-32DDF27D184C}
		SccTeamFoundationServer = https://gumms.visualstudio.com/defaultcollection
		SccLocalPath0 = .
		SccProjectUniqueName1 = ImmediateWindowUtilsTest\\Rex.Utils.Test.csproj
		SccProjectName1 = ImmediateWindowUtilsTest
		SccLocalPath1 = ImmediateWindowUtilsTest
		SccProjectUniqueName2 = ImmediateWindow\\Rex.Utils.csproj
		SccProjectName2 = ImmediateWindow
		SccLocalPath2 = ImmediateWindow
		SccProjectUniqueName3 = ImmediateGUI\\Rex.Window.csproj
		SccProjectName3 = ImmediateGUI
		SccLocalPath3 = ImmediateGUI
	EndGlobalSection
	GlobalSection(SolutionConfigurationPlatforms) = preSolution
		Debug|Any CPU = Debug|Any CPU
		Release|Any CPU = Release|Any CPU
	EndGlobalSection
	GlobalSection(ProjectConfigurationPlatforms) = postSolution
		{BEEA0CF2-CA78-476B-A555-B772925BAF8C}.Debug|Any CPU.ActiveCfg = Debug|Any CPU
		{BEEA0CF2-CA78-476B-A555-B772925BAF8C}.Debug|Any CPU.Build.0 = Debug|Any CPU
		{BEEA0CF2-CA78-476B-A555-B772925BAF8C}.Release|Any CPU.ActiveCfg = Release|Any CPU
		{BEEA0CF2-CA78-476B-A555-B772925BAF8C}.Release|Any CPU.Build.0 = Release|Any CPU
		{9A936838-9396-4146-A2A0-23387E29C923}.Debug|Any CPU.ActiveCfg = Debug|Any CPU
		{9A936838-9396-4146-A2A0-23387E29C923}.Debug|Any CPU.Build.0 = Debug|Any CPU
		{9A936838-9396-4146-A2A0-23387E29C923}.Release|Any CPU.ActiveCfg = Release|Any CPU
		{9A936838-9396-4146-A2A0-23387E29C923}.Release|Any CPU.Build.0 = Release|Any CPU
		{7884F8DA-2099-4AD7-BB2B-176659FDA03C}.Debug|Any CPU.ActiveCfg = Debug|Any CPU
		{7884F8DA-2099-4AD7-BB2B-176659FDA03C}.Debug|Any CPU.Build.0 = Debug|Any CPU
		{7884F8DA-2099-4AD7-BB2B-176659FDA03C}.Release|Any CPU.ActiveCfg = Release|Any CPU
		{7884F8DA-2099-4AD7-BB2B-176659FDA03C}.Release|Any CPU.Build.0 = Release|Any CPU
	EndGlobalSection
	GlobalSection(SolutionProperties) = preSolution
		HideSolutionNode = FALSE
	EndGlobalSection
EndGlobal
