
Microsoft Visual Studio Solution File, Format Version 12.00
# Visual Studio 2015
Project("{FAE04EC0-301F-11D3-BF4B-00C04F79EFBC}") = "RexWindowProjcet.CSharp.Editor", "RexWindowProjcet.CSharp.Editor.csproj", "{3813EA15-7ED8-0A46-2C08-8A01CC425257}"
EndProject
Global
	GlobalSection(SolutionConfigurationPlatforms) = preSolution
		Debug|Any CPU = Debug|Any CPU
		Release|Any CPU = Release|Any CPU
	EndGlobalSection
	GlobalSection(ProjectConfigurationPlatforms) = postSolution
		{3813EA15-7ED8-0A46-2C08-8A01CC425257}.Debug|Any CPU.ActiveCfg = Debug|Any CPU
		{3813EA15-7ED8-0A46-2C08-8A01CC425257}.Debug|Any CPU.Build.0 = Debug|Any CPU
		{3813EA15-7ED8-0A46-2C08-8A01CC425257}.Release|Any CPU.ActiveCfg = Release|Any CPU
		{3813EA15-7ED8-0A46-2C08-8A01CC425257}.Release|Any CPU.Build.0 = Release|Any CPU
	EndGlobalSection
	GlobalSection(SolutionProperties) = preSolution
		HideSolutionNode = FALSE
	EndGlobalSection
EndGlobal
