
Microsoft Visual Studio Solution File, Format Version 11.00
# Visual Studio 2010
Project("{FAE04EC0-301F-11D3-BF4B-00C04F79EFBC}") = "RexWindowProjcet", "Assembly-CSharp-Editor.csproj", "{8580BDDF-0C98-C0C6-5919-052013326ABD}"
EndProject
Global
	GlobalSection(SolutionConfigurationPlatforms) = preSolution
		Debug|Any CPU = Debug|Any CPU
		Release|Any CPU = Release|Any CPU
	EndGlobalSection
	GlobalSection(ProjectConfigurationPlatforms) = postSolution
		{8580BDDF-0C98-C0C6-5919-052013326ABD}.Debug|Any CPU.ActiveCfg = Debug|Any CPU
		{8580BDDF-0C98-C0C6-5919-052013326ABD}.Debug|Any CPU.Build.0 = Debug|Any CPU
		{8580BDDF-0C98-C0C6-5919-052013326ABD}.Release|Any CPU.ActiveCfg = Release|Any CPU
		{8580BDDF-0C98-C0C6-5919-052013326ABD}.Release|Any CPU.Build.0 = Release|Any CPU
	EndGlobalSection
	GlobalSection(SolutionProperties) = preSolution
		HideSolutionNode = FALSE
	EndGlobalSection
	GlobalSection(MonoDevelopProperties) = preSolution
		StartupItem = Assembly-CSharp.csproj
	EndGlobalSection
EndGlobal
